
Microsoft Visual Studio Solution File, Format Version 12.00
# Visual Studio Version 17
VisualStudioVersion = 17.7.34031.279
MinimumVisualStudioVersion = 10.0.40219.1
Project("{FAE04EC0-301F-11D3-BF4B-00C04F79EFBC}") = "Dolgozo_Nyilvantartas_Rest_Api", "Dolgozo_Nyilvantartas_Rest_Api\Dolgozo_Nyilvantartas_Rest_Api.csproj", "{58E22E6C-B3A0-4756-A138-365F1327581C}"
EndProject
Project("{FAE04EC0-301F-11D3-BF4B-00C04F79EFBC}") = "Dolgozo_Nyilvantartas_Rest_Api_G", "Dolgozo_Nyilvantartas_Rest_Api_G\Dolgozo_Nyilvantartas_Rest_Api_G.csproj", "{8F635892-0C67-49A0-B1CB-528547AC9B1F}"
EndProject
Global
	GlobalSection(SolutionConfigurationPlatforms) = preSolution
		Debug|Any CPU = Debug|Any CPU
		Release|Any CPU = Release|Any CPU
	EndGlobalSection
	GlobalSection(ProjectConfigurationPlatforms) = postSolution
		{58E22E6C-B3A0-4756-A138-365F1327581C}.Debug|Any CPU.ActiveCfg = Debug|Any CPU
		{58E22E6C-B3A0-4756-A138-365F1327581C}.Debug|Any CPU.Build.0 = Debug|Any CPU
		{58E22E6C-B3A0-4756-A138-365F1327581C}.Release|Any CPU.ActiveCfg = Release|Any CPU
		{58E22E6C-B3A0-4756-A138-365F1327581C}.Release|Any CPU.Build.0 = Release|Any CPU
		{8F635892-0C67-49A0-B1CB-528547AC9B1F}.Debug|Any CPU.ActiveCfg = Debug|Any CPU
		{8F635892-0C67-49A0-B1CB-528547AC9B1F}.Debug|Any CPU.Build.0 = Debug|Any CPU
		{8F635892-0C67-49A0-B1CB-528547AC9B1F}.Release|Any CPU.ActiveCfg = Release|Any CPU
		{8F635892-0C67-49A0-B1CB-528547AC9B1F}.Release|Any CPU.Build.0 = Release|Any CPU
	EndGlobalSection
	GlobalSection(SolutionProperties) = preSolution
		HideSolutionNode = FALSE
	EndGlobalSection
	GlobalSection(ExtensibilityGlobals) = postSolution
		SolutionGuid = {EAC36509-4BF2-4BDC-809E-D866032002A5}
	EndGlobalSection
EndGlobal
